
Microsoft Visual Studio Solution File, Format Version 12.00
# Visual Studio 2012
Project("{FAE04EC0-301F-11D3-BF4B-00C04F79EFBC}") = "Vietbait.Lablink.Interface", "Vietbait.Lablink.Interface\Vietbait.Lablink.Interface.csproj", "{F34906C0-0B7A-4AD6-A61A-488D460437DF}"
EndProject
Project("{FAE04EC0-301F-11D3-BF4B-00C04F79EFBC}") = "Vietbait.Lablink.Model", "Vietbait.Lablink.Model\Vietbait.Lablink.Model.csproj", "{23D08939-B244-4250-8C0D-0E711D7337F3}"
EndProject
Project("{FAE04EC0-301F-11D3-BF4B-00C04F79EFBC}") = "Vietbait.TestInformation.UI", "Vietbait.TestInformation.UI\Vietbait.TestInformation.UI.csproj", "{91192084-A21E-49BD-8B7F-D4B9217140CA}"
EndProject
Project("{FAE04EC0-301F-11D3-BF4B-00C04F79EFBC}") = "Vietbait.TestInformation.Business", "Vietbait.TestInformation.Business\Vietbait.TestInformation.Business.csproj", "{620AE657-6C89-457F-909F-98222CBC7642}"
EndProject
Project("{FAE04EC0-301F-11D3-BF4B-00C04F79EFBC}") = "Vietbait.Lablink.Utilities", "Vietbait.Lablink.Utilities\Vietbait.Lablink.Utilities.csproj", "{8F93C09F-CAEB-44C3-B022-3DD632EECDF7}"
EndProject
Project("{FAE04EC0-301F-11D3-BF4B-00C04F79EFBC}") = "Vietbait.Lablink.Report.UI", "Vietbait.Lablink.Report.UI\Vietbait.Lablink.Report.UI.csproj", "{D9F5D8B9-FA4B-4925-B17E-A38A40519892}"
EndProject
Project("{F184B08F-C81C-45F6-A57F-5ABD9991F28F}") = "prjLablink", "Vietbait.Lablink.Core\prjLablink.vbproj", "{697F0076-83E1-458C-8DEA-5DF1C4AAF574}"
EndProject
Project("{F184B08F-C81C-45F6-A57F-5ABD9991F28F}") = "prjBusiness", "Business\prjBusiness.vbproj", "{A3FC2BEC-4D55-4EBA-A4C0-6638EBB1DF84}"
EndProject
Project("{FAE04EC0-301F-11D3-BF4B-00C04F79EFBC}") = "VietBaIT.CommonLibrary", "VietBaIT.CommonLibrary\VietBaIT.CommonLibrary.csproj", "{50F5AC97-89AB-45F1-942D-86A37C3CF203}"
EndProject
Global
	GlobalSection(SolutionConfigurationPlatforms) = preSolution
		Debug|Any CPU = Debug|Any CPU
		Release|Any CPU = Release|Any CPU
	EndGlobalSection
	GlobalSection(ProjectConfigurationPlatforms) = postSolution
		{F34906C0-0B7A-4AD6-A61A-488D460437DF}.Debug|Any CPU.ActiveCfg = Debug|Any CPU
		{F34906C0-0B7A-4AD6-A61A-488D460437DF}.Debug|Any CPU.Build.0 = Debug|Any CPU
		{F34906C0-0B7A-4AD6-A61A-488D460437DF}.Release|Any CPU.ActiveCfg = Release|Any CPU
		{F34906C0-0B7A-4AD6-A61A-488D460437DF}.Release|Any CPU.Build.0 = Release|Any CPU
		{23D08939-B244-4250-8C0D-0E711D7337F3}.Debug|Any CPU.ActiveCfg = Debug|Any CPU
		{23D08939-B244-4250-8C0D-0E711D7337F3}.Debug|Any CPU.Build.0 = Debug|Any CPU
		{23D08939-B244-4250-8C0D-0E711D7337F3}.Release|Any CPU.ActiveCfg = Release|Any CPU
		{23D08939-B244-4250-8C0D-0E711D7337F3}.Release|Any CPU.Build.0 = Release|Any CPU
		{91192084-A21E-49BD-8B7F-D4B9217140CA}.Debug|Any CPU.ActiveCfg = Debug|Any CPU
		{91192084-A21E-49BD-8B7F-D4B9217140CA}.Debug|Any CPU.Build.0 = Debug|Any CPU
		{91192084-A21E-49BD-8B7F-D4B9217140CA}.Release|Any CPU.ActiveCfg = Release|Any CPU
		{91192084-A21E-49BD-8B7F-D4B9217140CA}.Release|Any CPU.Build.0 = Release|Any CPU
		{620AE657-6C89-457F-909F-98222CBC7642}.Debug|Any CPU.ActiveCfg = Debug|Any CPU
		{620AE657-6C89-457F-909F-98222CBC7642}.Debug|Any CPU.Build.0 = Debug|Any CPU
		{620AE657-6C89-457F-909F-98222CBC7642}.Release|Any CPU.ActiveCfg = Release|Any CPU
		{620AE657-6C89-457F-909F-98222CBC7642}.Release|Any CPU.Build.0 = Release|Any CPU
		{8F93C09F-CAEB-44C3-B022-3DD632EECDF7}.Debug|Any CPU.ActiveCfg = Debug|Any CPU
		{8F93C09F-CAEB-44C3-B022-3DD632EECDF7}.Debug|Any CPU.Build.0 = Debug|Any CPU
		{8F93C09F-CAEB-44C3-B022-3DD632EECDF7}.Release|Any CPU.ActiveCfg = Release|Any CPU
		{8F93C09F-CAEB-44C3-B022-3DD632EECDF7}.Release|Any CPU.Build.0 = Release|Any CPU
		{D9F5D8B9-FA4B-4925-B17E-A38A40519892}.Debug|Any CPU.ActiveCfg = Debug|Any CPU
		{D9F5D8B9-FA4B-4925-B17E-A38A40519892}.Debug|Any CPU.Build.0 = Debug|Any CPU
		{D9F5D8B9-FA4B-4925-B17E-A38A40519892}.Release|Any CPU.ActiveCfg = Release|Any CPU
		{D9F5D8B9-FA4B-4925-B17E-A38A40519892}.Release|Any CPU.Build.0 = Release|Any CPU
		{697F0076-83E1-458C-8DEA-5DF1C4AAF574}.Debug|Any CPU.ActiveCfg = Debug|Any CPU
		{697F0076-83E1-458C-8DEA-5DF1C4AAF574}.Debug|Any CPU.Build.0 = Debug|Any CPU
		{697F0076-83E1-458C-8DEA-5DF1C4AAF574}.Release|Any CPU.ActiveCfg = Release|Any CPU
		{697F0076-83E1-458C-8DEA-5DF1C4AAF574}.Release|Any CPU.Build.0 = Release|Any CPU
		{A3FC2BEC-4D55-4EBA-A4C0-6638EBB1DF84}.Debug|Any CPU.ActiveCfg = Debug|Any CPU
		{A3FC2BEC-4D55-4EBA-A4C0-6638EBB1DF84}.Debug|Any CPU.Build.0 = Debug|Any CPU
		{A3FC2BEC-4D55-4EBA-A4C0-6638EBB1DF84}.Release|Any CPU.ActiveCfg = Release|Any CPU
		{A3FC2BEC-4D55-4EBA-A4C0-6638EBB1DF84}.Release|Any CPU.Build.0 = Release|Any CPU
		{50F5AC97-89AB-45F1-942D-86A37C3CF203}.Debug|Any CPU.ActiveCfg = Debug|Any CPU
		{50F5AC97-89AB-45F1-942D-86A37C3CF203}.Debug|Any CPU.Build.0 = Debug|Any CPU
		{50F5AC97-89AB-45F1-942D-86A37C3CF203}.Release|Any CPU.ActiveCfg = Release|Any CPU
		{50F5AC97-89AB-45F1-942D-86A37C3CF203}.Release|Any CPU.Build.0 = Release|Any CPU
	EndGlobalSection
	GlobalSection(SolutionProperties) = preSolution
		HideSolutionNode = FALSE
	EndGlobalSection
EndGlobal
