
Microsoft Visual Studio Solution File, Format Version 11.00
# Visual Studio 2010
Project("{FAE04EC0-301F-11D3-BF4B-00C04F79EFBC}") = "Vietbait.Lablink.Interface", "Vietbait.Lablink.Interface.csproj", "{F34906C0-0B7A-4AD6-A61A-488D460437DF}"
EndProject
Project("{FAE04EC0-301F-11D3-BF4B-00C04F79EFBC}") = "Vietbait.Lablink.Model", "..\Vietbait.Lablink.Model\Vietbait.Lablink.Model.csproj", "{23D08939-B244-4250-8C0D-0E711D7337F3}"
EndProject
Project("{FAE04EC0-301F-11D3-BF4B-00C04F79EFBC}") = "Vietbait.Lablink.Utilities", "..\Vietbait.Lablink.Utilities\Vietbait.Lablink.Utilities.csproj", "{8F93C09F-CAEB-44C3-B022-3DD632EECDF7}"
EndProject
Global
	GlobalSection(SolutionConfigurationPlatforms) = preSolution
		Debug|Any CPU = Debug|Any CPU
		Release|Any CPU = Release|Any CPU
	EndGlobalSection
	GlobalSection(ProjectConfigurationPlatforms) = postSolution
		{F34906C0-0B7A-4AD6-A61A-488D460437DF}.Debug|Any CPU.ActiveCfg = Debug|Any CPU
		{F34906C0-0B7A-4AD6-A61A-488D460437DF}.Debug|Any CPU.Build.0 = Debug|Any CPU
		{F34906C0-0B7A-4AD6-A61A-488D460437DF}.Release|Any CPU.ActiveCfg = Release|Any CPU
		{F34906C0-0B7A-4AD6-A61A-488D460437DF}.Release|Any CPU.Build.0 = Release|Any CPU
		{23D08939-B244-4250-8C0D-0E711D7337F3}.Debug|Any CPU.ActiveCfg = Debug|Any CPU
		{23D08939-B244-4250-8C0D-0E711D7337F3}.Debug|Any CPU.Build.0 = Debug|Any CPU
		{23D08939-B244-4250-8C0D-0E711D7337F3}.Release|Any CPU.ActiveCfg = Release|Any CPU
		{23D08939-B244-4250-8C0D-0E711D7337F3}.Release|Any CPU.Build.0 = Release|Any CPU
		{8F93C09F-CAEB-44C3-B022-3DD632EECDF7}.Debug|Any CPU.ActiveCfg = Debug|Any CPU
		{8F93C09F-CAEB-44C3-B022-3DD632EECDF7}.Debug|Any CPU.Build.0 = Debug|Any CPU
		{8F93C09F-CAEB-44C3-B022-3DD632EECDF7}.Release|Any CPU.ActiveCfg = Release|Any CPU
		{8F93C09F-CAEB-44C3-B022-3DD632EECDF7}.Release|Any CPU.Build.0 = Release|Any CPU
	EndGlobalSection
	GlobalSection(SolutionProperties) = preSolution
		HideSolutionNode = FALSE
	EndGlobalSection
EndGlobal
